
Microsoft Visual Studio Solution File, Format Version 12.00
# Visual Studio Version 16
VisualStudioVersion = 16.0.31410.357
MinimumVisualStudioVersion = 10.0.40219.1
Project("{888888A0-9F3D-457C-B088-3A5042F75D52}") = "DSL810", "DSL810\DSL810.pyproj", "{93C902E7-0A2A-4621-969D-6372B7C03957}"
EndProject
Global
	GlobalSection(SolutionConfigurationPlatforms) = preSolution
		Debug|Any CPU = Debug|Any CPU
		Release|Any CPU = Release|Any CPU
	EndGlobalSection
	GlobalSection(ProjectConfigurationPlatforms) = postSolution
		{93C902E7-0A2A-4621-969D-6372B7C03957}.Debug|Any CPU.ActiveCfg = Debug|Any CPU
		{93C902E7-0A2A-4621-969D-6372B7C03957}.Release|Any CPU.ActiveCfg = Release|Any CPU
	EndGlobalSection
	GlobalSection(SolutionProperties) = preSolution
		HideSolutionNode = FALSE
	EndGlobalSection
	GlobalSection(ExtensibilityGlobals) = postSolution
		SolutionGuid = {38D5EAE0-A76B-443B-92EA-E938CF677D84}
	EndGlobalSection
EndGlobal
